
Microsoft Visual Studio Solution File, Format Version 12.00
# Visual Studio Version 16
VisualStudioVersion = 16.0.30413.136
MinimumVisualStudioVersion = 10.0.40219.1
Project("{FAE04EC0-301F-11D3-BF4B-00C04F79EFBC}") = "BaiTH", "BaiTH\BaiTH.csproj", "{EFC0873E-ED81-4371-848D-5CCE696A6664}"
EndProject
Global
	GlobalSection(SolutionConfigurationPlatforms) = preSolution
		Debug|Any CPU = Debug|Any CPU
		Release|Any CPU = Release|Any CPU
	EndGlobalSection
	GlobalSection(ProjectConfigurationPlatforms) = postSolution
		{EFC0873E-ED81-4371-848D-5CCE696A6664}.Debug|Any CPU.ActiveCfg = Debug|Any CPU
		{EFC0873E-ED81-4371-848D-5CCE696A6664}.Debug|Any CPU.Build.0 = Debug|Any CPU
		{EFC0873E-ED81-4371-848D-5CCE696A6664}.Release|Any CPU.ActiveCfg = Release|Any CPU
		{EFC0873E-ED81-4371-848D-5CCE696A6664}.Release|Any CPU.Build.0 = Release|Any CPU
	EndGlobalSection
	GlobalSection(SolutionProperties) = preSolution
		HideSolutionNode = FALSE
	EndGlobalSection
	GlobalSection(ExtensibilityGlobals) = postSolution
		SolutionGuid = {BFC9B689-D3DD-4C94-B872-7C13F4C29DB6}
	EndGlobalSection
EndGlobal
